{
    "name": "version-inc",
    "version": "0.0.1",
    "lockfileVersion": 2,
    "requires": true,
    "packages": {
        "": {
            "name": "version-inc",
            "version": "0.0.1",
            "license": "MIT - SEE LICENSE IN LICENSE.md",
            "devDependencies": {},
            "engines": {
                "vscode": "^1.63.0"
            }
        }
    }
}
